
Microsoft Visual Studio Solution File, Format Version 12.00
# Visual Studio 2013
VisualStudioVersion = 12.0.21005.1
MinimumVisualStudioVersion = 10.0.40219.1
Project("{FAE04EC0-301F-11D3-BF4B-00C04F79EFBC}") = "ISIInspection", "ISIInspection\ISIInspection.csproj", "{F7E713EA-DE49-464B-8805-A6E321E700E1}"
EndProject
Project("{FAE04EC0-301F-11D3-BF4B-00C04F79EFBC}") = "ISIInspection.Tests", "ISIInspection.Tests\ISIInspection.Tests.csproj", "{B07981D7-7A3A-43C9-A936-949E5BBB6D2A}"
EndProject
Project("{FAE04EC0-301F-11D3-BF4B-00C04F79EFBC}") = "TestRunner", "TestRunner\TestRunner.csproj", "{159D3EC1-D9D9-4982-A539-A3884E060BA9}"
EndProject
Project("{FAE04EC0-301F-11D3-BF4B-00C04F79EFBC}") = "MieTrakWrapper", "MieTrakWrapper\MieTrakWrapper.csproj", "{FBBB9124-9567-4510-AB59-8F4AD3BC9E8F}"
EndProject
Project("{FAE04EC0-301F-11D3-BF4B-00C04F79EFBC}") = "SPC Data Collection", "SPC Data Collection\SPC Data Collection.csproj", "{6AB1C110-4A22-4694-8577-0F761F25ED02}"
EndProject
Project("{54435603-DBB4-11D2-8724-00A0C9A8B90C}") = "SPCInstaller", "SPCInstaller\SPCInstaller.vdproj", "{29F0CE60-14F1-4343-83E5-62C2D7E86CF1}"
EndProject
Project("{FAE04EC0-301F-11D3-BF4B-00C04F79EFBC}") = "SPCEngine", "SPCEngine\SPCEngine.csproj", "{E53A3184-E4F3-4BCB-AC62-6BBEBFA09F67}"
EndProject
Global
	GlobalSection(SolutionConfigurationPlatforms) = preSolution
		Debug|Any CPU = Debug|Any CPU
		Debug|Mixed Platforms = Debug|Mixed Platforms
		Debug|x86 = Debug|x86
		Release|Any CPU = Release|Any CPU
		Release|Mixed Platforms = Release|Mixed Platforms
		Release|x86 = Release|x86
	EndGlobalSection
	GlobalSection(ProjectConfigurationPlatforms) = postSolution
		{F7E713EA-DE49-464B-8805-A6E321E700E1}.Debug|Any CPU.ActiveCfg = Debug|Any CPU
		{F7E713EA-DE49-464B-8805-A6E321E700E1}.Debug|Any CPU.Build.0 = Debug|Any CPU
		{F7E713EA-DE49-464B-8805-A6E321E700E1}.Debug|Mixed Platforms.ActiveCfg = Debug|Any CPU
		{F7E713EA-DE49-464B-8805-A6E321E700E1}.Debug|Mixed Platforms.Build.0 = Debug|Any CPU
		{F7E713EA-DE49-464B-8805-A6E321E700E1}.Debug|x86.ActiveCfg = Debug|Any CPU
		{F7E713EA-DE49-464B-8805-A6E321E700E1}.Debug|x86.Build.0 = Debug|Any CPU
		{F7E713EA-DE49-464B-8805-A6E321E700E1}.Release|Any CPU.ActiveCfg = Release|Any CPU
		{F7E713EA-DE49-464B-8805-A6E321E700E1}.Release|Any CPU.Build.0 = Release|Any CPU
		{F7E713EA-DE49-464B-8805-A6E321E700E1}.Release|Mixed Platforms.ActiveCfg = Release|Any CPU
		{F7E713EA-DE49-464B-8805-A6E321E700E1}.Release|Mixed Platforms.Build.0 = Release|Any CPU
		{F7E713EA-DE49-464B-8805-A6E321E700E1}.Release|x86.ActiveCfg = Release|Any CPU
		{B07981D7-7A3A-43C9-A936-949E5BBB6D2A}.Debug|Any CPU.ActiveCfg = Debug|Any CPU
		{B07981D7-7A3A-43C9-A936-949E5BBB6D2A}.Debug|Any CPU.Build.0 = Debug|Any CPU
		{B07981D7-7A3A-43C9-A936-949E5BBB6D2A}.Debug|Mixed Platforms.ActiveCfg = Debug|Any CPU
		{B07981D7-7A3A-43C9-A936-949E5BBB6D2A}.Debug|Mixed Platforms.Build.0 = Debug|Any CPU
		{B07981D7-7A3A-43C9-A936-949E5BBB6D2A}.Debug|x86.ActiveCfg = Debug|Any CPU
		{B07981D7-7A3A-43C9-A936-949E5BBB6D2A}.Debug|x86.Build.0 = Debug|Any CPU
		{B07981D7-7A3A-43C9-A936-949E5BBB6D2A}.Release|Any CPU.ActiveCfg = Release|Any CPU
		{B07981D7-7A3A-43C9-A936-949E5BBB6D2A}.Release|Any CPU.Build.0 = Release|Any CPU
		{B07981D7-7A3A-43C9-A936-949E5BBB6D2A}.Release|Mixed Platforms.ActiveCfg = Release|Any CPU
		{B07981D7-7A3A-43C9-A936-949E5BBB6D2A}.Release|Mixed Platforms.Build.0 = Release|Any CPU
		{B07981D7-7A3A-43C9-A936-949E5BBB6D2A}.Release|x86.ActiveCfg = Release|Any CPU
		{159D3EC1-D9D9-4982-A539-A3884E060BA9}.Debug|Any CPU.ActiveCfg = Debug|Any CPU
		{159D3EC1-D9D9-4982-A539-A3884E060BA9}.Debug|Any CPU.Build.0 = Debug|Any CPU
		{159D3EC1-D9D9-4982-A539-A3884E060BA9}.Debug|Mixed Platforms.ActiveCfg = Debug|Any CPU
		{159D3EC1-D9D9-4982-A539-A3884E060BA9}.Debug|Mixed Platforms.Build.0 = Debug|Any CPU
		{159D3EC1-D9D9-4982-A539-A3884E060BA9}.Debug|x86.ActiveCfg = Debug|Any CPU
		{159D3EC1-D9D9-4982-A539-A3884E060BA9}.Debug|x86.Build.0 = Debug|Any CPU
		{159D3EC1-D9D9-4982-A539-A3884E060BA9}.Release|Any CPU.ActiveCfg = Release|Any CPU
		{159D3EC1-D9D9-4982-A539-A3884E060BA9}.Release|Any CPU.Build.0 = Release|Any CPU
		{159D3EC1-D9D9-4982-A539-A3884E060BA9}.Release|Mixed Platforms.ActiveCfg = Release|Any CPU
		{159D3EC1-D9D9-4982-A539-A3884E060BA9}.Release|Mixed Platforms.Build.0 = Release|Any CPU
		{159D3EC1-D9D9-4982-A539-A3884E060BA9}.Release|x86.ActiveCfg = Release|Any CPU
		{FBBB9124-9567-4510-AB59-8F4AD3BC9E8F}.Debug|Any CPU.ActiveCfg = Debug|Any CPU
		{FBBB9124-9567-4510-AB59-8F4AD3BC9E8F}.Debug|Any CPU.Build.0 = Debug|Any CPU
		{FBBB9124-9567-4510-AB59-8F4AD3BC9E8F}.Debug|Mixed Platforms.ActiveCfg = Debug|Any CPU
		{FBBB9124-9567-4510-AB59-8F4AD3BC9E8F}.Debug|Mixed Platforms.Build.0 = Debug|Any CPU
		{FBBB9124-9567-4510-AB59-8F4AD3BC9E8F}.Debug|x86.ActiveCfg = Debug|Any CPU
		{FBBB9124-9567-4510-AB59-8F4AD3BC9E8F}.Debug|x86.Build.0 = Debug|Any CPU
		{FBBB9124-9567-4510-AB59-8F4AD3BC9E8F}.Release|Any CPU.ActiveCfg = Release|Any CPU
		{FBBB9124-9567-4510-AB59-8F4AD3BC9E8F}.Release|Any CPU.Build.0 = Release|Any CPU
		{FBBB9124-9567-4510-AB59-8F4AD3BC9E8F}.Release|Mixed Platforms.ActiveCfg = Release|Any CPU
		{FBBB9124-9567-4510-AB59-8F4AD3BC9E8F}.Release|Mixed Platforms.Build.0 = Release|Any CPU
		{FBBB9124-9567-4510-AB59-8F4AD3BC9E8F}.Release|x86.ActiveCfg = Release|Any CPU
		{6AB1C110-4A22-4694-8577-0F761F25ED02}.Debug|Any CPU.ActiveCfg = Debug|Any CPU
		{6AB1C110-4A22-4694-8577-0F761F25ED02}.Debug|Any CPU.Build.0 = Debug|Any CPU
		{6AB1C110-4A22-4694-8577-0F761F25ED02}.Debug|Mixed Platforms.ActiveCfg = Debug|x86
		{6AB1C110-4A22-4694-8577-0F761F25ED02}.Debug|Mixed Platforms.Build.0 = Debug|x86
		{6AB1C110-4A22-4694-8577-0F761F25ED02}.Debug|x86.ActiveCfg = Debug|x86
		{6AB1C110-4A22-4694-8577-0F761F25ED02}.Debug|x86.Build.0 = Debug|x86
		{6AB1C110-4A22-4694-8577-0F761F25ED02}.Release|Any CPU.ActiveCfg = Release|Any CPU
		{6AB1C110-4A22-4694-8577-0F761F25ED02}.Release|Any CPU.Build.0 = Release|Any CPU
		{6AB1C110-4A22-4694-8577-0F761F25ED02}.Release|Mixed Platforms.ActiveCfg = Release|x86
		{6AB1C110-4A22-4694-8577-0F761F25ED02}.Release|Mixed Platforms.Build.0 = Release|x86
		{6AB1C110-4A22-4694-8577-0F761F25ED02}.Release|x86.ActiveCfg = Release|x86
		{6AB1C110-4A22-4694-8577-0F761F25ED02}.Release|x86.Build.0 = Release|x86
		{29F0CE60-14F1-4343-83E5-62C2D7E86CF1}.Debug|Any CPU.ActiveCfg = Debug
		{29F0CE60-14F1-4343-83E5-62C2D7E86CF1}.Debug|Mixed Platforms.ActiveCfg = Debug
		{29F0CE60-14F1-4343-83E5-62C2D7E86CF1}.Debug|Mixed Platforms.Build.0 = Debug
		{29F0CE60-14F1-4343-83E5-62C2D7E86CF1}.Debug|x86.ActiveCfg = Debug
		{29F0CE60-14F1-4343-83E5-62C2D7E86CF1}.Release|Any CPU.ActiveCfg = Release
		{29F0CE60-14F1-4343-83E5-62C2D7E86CF1}.Release|Mixed Platforms.ActiveCfg = Release
		{29F0CE60-14F1-4343-83E5-62C2D7E86CF1}.Release|Mixed Platforms.Build.0 = Release
		{29F0CE60-14F1-4343-83E5-62C2D7E86CF1}.Release|x86.ActiveCfg = Release
		{E53A3184-E4F3-4BCB-AC62-6BBEBFA09F67}.Debug|Any CPU.ActiveCfg = Debug|Any CPU
		{E53A3184-E4F3-4BCB-AC62-6BBEBFA09F67}.Debug|Any CPU.Build.0 = Debug|Any CPU
		{E53A3184-E4F3-4BCB-AC62-6BBEBFA09F67}.Debug|Mixed Platforms.ActiveCfg = Debug|Any CPU
		{E53A3184-E4F3-4BCB-AC62-6BBEBFA09F67}.Debug|Mixed Platforms.Build.0 = Debug|Any CPU
		{E53A3184-E4F3-4BCB-AC62-6BBEBFA09F67}.Debug|x86.ActiveCfg = Debug|Any CPU
		{E53A3184-E4F3-4BCB-AC62-6BBEBFA09F67}.Release|Any CPU.ActiveCfg = Release|Any CPU
		{E53A3184-E4F3-4BCB-AC62-6BBEBFA09F67}.Release|Any CPU.Build.0 = Release|Any CPU
		{E53A3184-E4F3-4BCB-AC62-6BBEBFA09F67}.Release|Mixed Platforms.ActiveCfg = Release|Any CPU
		{E53A3184-E4F3-4BCB-AC62-6BBEBFA09F67}.Release|Mixed Platforms.Build.0 = Release|Any CPU
		{E53A3184-E4F3-4BCB-AC62-6BBEBFA09F67}.Release|x86.ActiveCfg = Release|Any CPU
	EndGlobalSection
	GlobalSection(SolutionProperties) = preSolution
		HideSolutionNode = FALSE
	EndGlobalSection
EndGlobal
