
Microsoft Visual Studio Solution File, Format Version 12.00
# Visual Studio 2013
VisualStudioVersion = 12.0.21005.1
MinimumVisualStudioVersion = 10.0.40219.1
Project("{FAE04EC0-301F-11D3-BF4B-00C04F79EFBC}") = "ISIInspection", "ISIInspection\ISIInspection.csproj", "{F7E713EA-DE49-464B-8805-A6E321E700E1}"
EndProject
Project("{FAE04EC0-301F-11D3-BF4B-00C04F79EFBC}") = "ProcessInspection", "ProcessInspection\ProcessInspection.csproj", "{482AB18D-BD52-406E-B5F8-7F47E1085177}"
EndProject
Project("{FAE04EC0-301F-11D3-BF4B-00C04F79EFBC}") = "ISIInspection.Tests", "ISIInspection.Tests\ISIInspection.Tests.csproj", "{B07981D7-7A3A-43C9-A936-949E5BBB6D2A}"
EndProject
Global
	GlobalSection(SolutionConfigurationPlatforms) = preSolution
		Debug|Any CPU = Debug|Any CPU
		Release|Any CPU = Release|Any CPU
	EndGlobalSection
	GlobalSection(ProjectConfigurationPlatforms) = postSolution
		{F7E713EA-DE49-464B-8805-A6E321E700E1}.Debug|Any CPU.ActiveCfg = Debug|Any CPU
		{F7E713EA-DE49-464B-8805-A6E321E700E1}.Debug|Any CPU.Build.0 = Debug|Any CPU
		{F7E713EA-DE49-464B-8805-A6E321E700E1}.Release|Any CPU.ActiveCfg = Release|Any CPU
		{F7E713EA-DE49-464B-8805-A6E321E700E1}.Release|Any CPU.Build.0 = Release|Any CPU
		{482AB18D-BD52-406E-B5F8-7F47E1085177}.Debug|Any CPU.ActiveCfg = Debug|Any CPU
		{482AB18D-BD52-406E-B5F8-7F47E1085177}.Debug|Any CPU.Build.0 = Debug|Any CPU
		{482AB18D-BD52-406E-B5F8-7F47E1085177}.Release|Any CPU.ActiveCfg = Release|Any CPU
		{482AB18D-BD52-406E-B5F8-7F47E1085177}.Release|Any CPU.Build.0 = Release|Any CPU
		{B07981D7-7A3A-43C9-A936-949E5BBB6D2A}.Debug|Any CPU.ActiveCfg = Debug|Any CPU
		{B07981D7-7A3A-43C9-A936-949E5BBB6D2A}.Debug|Any CPU.Build.0 = Debug|Any CPU
		{B07981D7-7A3A-43C9-A936-949E5BBB6D2A}.Release|Any CPU.ActiveCfg = Release|Any CPU
		{B07981D7-7A3A-43C9-A936-949E5BBB6D2A}.Release|Any CPU.Build.0 = Release|Any CPU
	EndGlobalSection
	GlobalSection(SolutionProperties) = preSolution
		HideSolutionNode = FALSE
	EndGlobalSection
EndGlobal
